
Microsoft Visual Studio Solution File, Format Version 12.00
# Visual Studio 2013
VisualStudioVersion = 12.0.40629.0
MinimumVisualStudioVersion = 10.0.40219.1
Project("{FAE04EC0-301F-11D3-BF4B-00C04F79EFBC}") = "TracksToDeezer", "TracksToDeezer\TracksToDeezer.csproj", "{39513612-6687-4FC0-84EB-E445883C06BE}"
EndProject
Project("{FAE04EC0-301F-11D3-BF4B-00C04F79EFBC}") = "TracksCommon", "TracksCommon\TracksCommon.csproj", "{953399BC-C495-4B09-BE1F-5C6185A1171A}"
EndProject
Project("{FAE04EC0-301F-11D3-BF4B-00C04F79EFBC}") = "TracksFromRadio", "TracksFromRadio\TracksFromRadio.csproj", "{6EBFC133-3288-443A-B90E-C34EC25B031A}"
EndProject
Project("{FAE04EC0-301F-11D3-BF4B-00C04F79EFBC}") = "TracksToDeezer.Tools", "TracksToDeezer.Tools\TracksToDeezer.Tools.csproj", "{FE122380-AE7F-48C3-8CEB-6DD2AAF23D38}"
EndProject
Global
	GlobalSection(SolutionConfigurationPlatforms) = preSolution
		Debug|Any CPU = Debug|Any CPU
		Release|Any CPU = Release|Any CPU
	EndGlobalSection
	GlobalSection(ProjectConfigurationPlatforms) = postSolution
		{39513612-6687-4FC0-84EB-E445883C06BE}.Debug|Any CPU.ActiveCfg = Debug|Any CPU
		{39513612-6687-4FC0-84EB-E445883C06BE}.Debug|Any CPU.Build.0 = Debug|Any CPU
		{39513612-6687-4FC0-84EB-E445883C06BE}.Release|Any CPU.ActiveCfg = Release|Any CPU
		{39513612-6687-4FC0-84EB-E445883C06BE}.Release|Any CPU.Build.0 = Release|Any CPU
		{953399BC-C495-4B09-BE1F-5C6185A1171A}.Debug|Any CPU.ActiveCfg = Debug|Any CPU
		{953399BC-C495-4B09-BE1F-5C6185A1171A}.Debug|Any CPU.Build.0 = Debug|Any CPU
		{953399BC-C495-4B09-BE1F-5C6185A1171A}.Release|Any CPU.ActiveCfg = Release|Any CPU
		{953399BC-C495-4B09-BE1F-5C6185A1171A}.Release|Any CPU.Build.0 = Release|Any CPU
		{6EBFC133-3288-443A-B90E-C34EC25B031A}.Debug|Any CPU.ActiveCfg = Debug|Any CPU
		{6EBFC133-3288-443A-B90E-C34EC25B031A}.Debug|Any CPU.Build.0 = Debug|Any CPU
		{6EBFC133-3288-443A-B90E-C34EC25B031A}.Release|Any CPU.ActiveCfg = Release|Any CPU
		{6EBFC133-3288-443A-B90E-C34EC25B031A}.Release|Any CPU.Build.0 = Release|Any CPU
		{FE122380-AE7F-48C3-8CEB-6DD2AAF23D38}.Debug|Any CPU.ActiveCfg = Debug|Any CPU
		{FE122380-AE7F-48C3-8CEB-6DD2AAF23D38}.Debug|Any CPU.Build.0 = Debug|Any CPU
		{FE122380-AE7F-48C3-8CEB-6DD2AAF23D38}.Release|Any CPU.ActiveCfg = Release|Any CPU
		{FE122380-AE7F-48C3-8CEB-6DD2AAF23D38}.Release|Any CPU.Build.0 = Release|Any CPU
	EndGlobalSection
	GlobalSection(SolutionProperties) = preSolution
		HideSolutionNode = FALSE
	EndGlobalSection
EndGlobal
